
Microsoft Visual Studio Solution File, Format Version 12.00
# Visual Studio Version 16
VisualStudioVersion = 16.0.30204.135
MinimumVisualStudioVersion = 10.0.40219.1
Project("{9A19103F-16F7-4668-BE54-9A1E7A4F7556}") = "RetHouse_Final", "RetHouse_Final\RetHouse_Final.csproj", "{C645C3F8-003D-4BE1-9D1B-F75416C04401}"
EndProject
Project("{9A19103F-16F7-4668-BE54-9A1E7A4F7556}") = "Repository", "Repository\Repository.csproj", "{011B7046-BB33-4DEE-94B2-35100B00EA06}"
EndProject
Project("{FAE04EC0-301F-11D3-BF4B-00C04F79EFBC}") = "Admin", "Admin\Admin.csproj", "{6740C898-224E-4987-A729-A0CD435CC3CA}"
EndProject
Global
	GlobalSection(SolutionConfigurationPlatforms) = preSolution
		Debug|Any CPU = Debug|Any CPU
		Release|Any CPU = Release|Any CPU
	EndGlobalSection
	GlobalSection(ProjectConfigurationPlatforms) = postSolution
		{C645C3F8-003D-4BE1-9D1B-F75416C04401}.Debug|Any CPU.ActiveCfg = Debug|Any CPU
		{C645C3F8-003D-4BE1-9D1B-F75416C04401}.Debug|Any CPU.Build.0 = Debug|Any CPU
		{C645C3F8-003D-4BE1-9D1B-F75416C04401}.Release|Any CPU.ActiveCfg = Release|Any CPU
		{C645C3F8-003D-4BE1-9D1B-F75416C04401}.Release|Any CPU.Build.0 = Release|Any CPU
		{011B7046-BB33-4DEE-94B2-35100B00EA06}.Debug|Any CPU.ActiveCfg = Debug|Any CPU
		{011B7046-BB33-4DEE-94B2-35100B00EA06}.Debug|Any CPU.Build.0 = Debug|Any CPU
		{011B7046-BB33-4DEE-94B2-35100B00EA06}.Release|Any CPU.ActiveCfg = Release|Any CPU
		{011B7046-BB33-4DEE-94B2-35100B00EA06}.Release|Any CPU.Build.0 = Release|Any CPU
		{6740C898-224E-4987-A729-A0CD435CC3CA}.Debug|Any CPU.ActiveCfg = Debug|Any CPU
		{6740C898-224E-4987-A729-A0CD435CC3CA}.Debug|Any CPU.Build.0 = Debug|Any CPU
		{6740C898-224E-4987-A729-A0CD435CC3CA}.Release|Any CPU.ActiveCfg = Release|Any CPU
		{6740C898-224E-4987-A729-A0CD435CC3CA}.Release|Any CPU.Build.0 = Release|Any CPU
	EndGlobalSection
	GlobalSection(SolutionProperties) = preSolution
		HideSolutionNode = FALSE
	EndGlobalSection
	GlobalSection(ExtensibilityGlobals) = postSolution
		SolutionGuid = {CD795EE5-66D1-4707-A17C-5F552B376387}
	EndGlobalSection
EndGlobal
